
Microsoft Visual Studio Solution File, Format Version 12.00
# Visual Studio 15
VisualStudioVersion = 15.0.28307.106
MinimumVisualStudioVersion = 10.0.40219.1
Project("{FAE04EC0-301F-11D3-BF4B-00C04F79EFBC}") = "RecipePortal", "RecipePortal\RecipePortal.csproj", "{88640B42-0117-4811-BBB9-12B04C891E22}"
EndProject
Global
	GlobalSection(SolutionConfigurationPlatforms) = preSolution
		Debug|Any CPU = Debug|Any CPU
		Release|Any CPU = Release|Any CPU
	EndGlobalSection
	GlobalSection(ProjectConfigurationPlatforms) = postSolution
		{88640B42-0117-4811-BBB9-12B04C891E22}.Debug|Any CPU.ActiveCfg = Debug|Any CPU
		{88640B42-0117-4811-BBB9-12B04C891E22}.Debug|Any CPU.Build.0 = Debug|Any CPU
		{88640B42-0117-4811-BBB9-12B04C891E22}.Release|Any CPU.ActiveCfg = Release|Any CPU
		{88640B42-0117-4811-BBB9-12B04C891E22}.Release|Any CPU.Build.0 = Release|Any CPU
	EndGlobalSection
	GlobalSection(SolutionProperties) = preSolution
		HideSolutionNode = FALSE
	EndGlobalSection
	GlobalSection(ExtensibilityGlobals) = postSolution
		SolutionGuid = {8CA2ADA2-1AF5-4CA5-AF54-249C2F6F7B00}
	EndGlobalSection
EndGlobal
